
Microsoft Visual Studio Solution File, Format Version 12.00
# Visual Studio 14
VisualStudioVersion = 14.0.23107.0
MinimumVisualStudioVersion = 10.0.40219.1
Project("{FAE04EC0-301F-11D3-BF4B-00C04F79EFBC}") = "SoftWx.Numerics", "SoftWx.Numerics\SoftWx.Numerics.csproj", "{FA1AFAA6-B1FA-4593-8AED-D9C462249C04}"
EndProject
Project("{FAE04EC0-301F-11D3-BF4B-00C04F79EFBC}") = "SoftWx.Numerics.Profile", "SoftWx.Numerics.Profile\SoftWx.Numerics.Profile.csproj", "{FEF90C53-C004-4E08-8E9C-AEC98D84AC8B}"
EndProject
Project("{FAE04EC0-301F-11D3-BF4B-00C04F79EFBC}") = "SoftWx.Numerics.Tests", "SoftWx.Numerics.Tests\SoftWx.Numerics.Tests.csproj", "{067456C0-086C-46A8-B37F-1405717B7BFC}"
EndProject
Global
	GlobalSection(SolutionConfigurationPlatforms) = preSolution
		Debug|Any CPU = Debug|Any CPU
		Release|Any CPU = Release|Any CPU
	EndGlobalSection
	GlobalSection(ProjectConfigurationPlatforms) = postSolution
		{FA1AFAA6-B1FA-4593-8AED-D9C462249C04}.Debug|Any CPU.ActiveCfg = Debug|Any CPU
		{FA1AFAA6-B1FA-4593-8AED-D9C462249C04}.Debug|Any CPU.Build.0 = Debug|Any CPU
		{FA1AFAA6-B1FA-4593-8AED-D9C462249C04}.Release|Any CPU.ActiveCfg = Release|Any CPU
		{FA1AFAA6-B1FA-4593-8AED-D9C462249C04}.Release|Any CPU.Build.0 = Release|Any CPU
		{FEF90C53-C004-4E08-8E9C-AEC98D84AC8B}.Debug|Any CPU.ActiveCfg = Debug|Any CPU
		{FEF90C53-C004-4E08-8E9C-AEC98D84AC8B}.Debug|Any CPU.Build.0 = Debug|Any CPU
		{FEF90C53-C004-4E08-8E9C-AEC98D84AC8B}.Release|Any CPU.ActiveCfg = Release|Any CPU
		{FEF90C53-C004-4E08-8E9C-AEC98D84AC8B}.Release|Any CPU.Build.0 = Release|Any CPU
		{067456C0-086C-46A8-B37F-1405717B7BFC}.Debug|Any CPU.ActiveCfg = Debug|Any CPU
		{067456C0-086C-46A8-B37F-1405717B7BFC}.Debug|Any CPU.Build.0 = Debug|Any CPU
		{067456C0-086C-46A8-B37F-1405717B7BFC}.Release|Any CPU.ActiveCfg = Release|Any CPU
		{067456C0-086C-46A8-B37F-1405717B7BFC}.Release|Any CPU.Build.0 = Release|Any CPU
	EndGlobalSection
	GlobalSection(SolutionProperties) = preSolution
		HideSolutionNode = FALSE
	EndGlobalSection
EndGlobal
